
Microsoft Visual Studio Solution File, Format Version 12.00
# Visual Studio Version 17
VisualStudioVersion = 17.8.34330.188
MinimumVisualStudioVersion = 10.0.40219.1
Project("{8BC9CEB8-8B4A-11D0-8D11-00A0C91BC942}") = "GdiPrint_OpenPrinter", "GdiPrint_OpenPrinter\GdiPrint_OpenPrinter.vcxproj", "{1094EB2E-4ECF-4D8F-AC72-BBE7E4EB9BA0}"
EndProject
Project("{8BC9CEB8-8B4A-11D0-8D11-00A0C91BC942}") = "GdiPrint_PrintDlg", "GdiPrint_PrintDlg\GdiPrint_PrintDlg.vcxproj", "{70237C39-CF09-4607-98B2-C4951C5C049E}"
EndProject
Global
	GlobalSection(SolutionConfigurationPlatforms) = preSolution
		Debug|x64 = Debug|x64
		Debug|x86 = Debug|x86
		Release|x64 = Release|x64
		Release|x86 = Release|x86
	EndGlobalSection
	GlobalSection(ProjectConfigurationPlatforms) = postSolution
		{1094EB2E-4ECF-4D8F-AC72-BBE7E4EB9BA0}.Debug|x64.ActiveCfg = Debug|x64
		{1094EB2E-4ECF-4D8F-AC72-BBE7E4EB9BA0}.Debug|x64.Build.0 = Debug|x64
		{1094EB2E-4ECF-4D8F-AC72-BBE7E4EB9BA0}.Debug|x86.ActiveCfg = Debug|Win32
		{1094EB2E-4ECF-4D8F-AC72-BBE7E4EB9BA0}.Debug|x86.Build.0 = Debug|Win32
		{1094EB2E-4ECF-4D8F-AC72-BBE7E4EB9BA0}.Release|x64.ActiveCfg = Release|x64
		{1094EB2E-4ECF-4D8F-AC72-BBE7E4EB9BA0}.Release|x64.Build.0 = Release|x64
		{1094EB2E-4ECF-4D8F-AC72-BBE7E4EB9BA0}.Release|x86.ActiveCfg = Release|Win32
		{1094EB2E-4ECF-4D8F-AC72-BBE7E4EB9BA0}.Release|x86.Build.0 = Release|Win32
		{70237C39-CF09-4607-98B2-C4951C5C049E}.Debug|x64.ActiveCfg = Debug|x64
		{70237C39-CF09-4607-98B2-C4951C5C049E}.Debug|x64.Build.0 = Debug|x64
		{70237C39-CF09-4607-98B2-C4951C5C049E}.Debug|x86.ActiveCfg = Debug|Win32
		{70237C39-CF09-4607-98B2-C4951C5C049E}.Debug|x86.Build.0 = Debug|Win32
		{70237C39-CF09-4607-98B2-C4951C5C049E}.Release|x64.ActiveCfg = Release|x64
		{70237C39-CF09-4607-98B2-C4951C5C049E}.Release|x64.Build.0 = Release|x64
		{70237C39-CF09-4607-98B2-C4951C5C049E}.Release|x86.ActiveCfg = Release|Win32
		{70237C39-CF09-4607-98B2-C4951C5C049E}.Release|x86.Build.0 = Release|Win32
	EndGlobalSection
	GlobalSection(SolutionProperties) = preSolution
		HideSolutionNode = FALSE
	EndGlobalSection
	GlobalSection(ExtensibilityGlobals) = postSolution
		SolutionGuid = {AEF83ED3-CED9-4A40-BB02-A3AFC4C3F036}
	EndGlobalSection
EndGlobal
